{
  "name": "day17-nodejs-external-modules",
  "version": "1.0.0",
  "lockfileVersion": 3,
  "requires": true,
  "packages": {
    "": {
      "name": "day17-nodejs-external-modules",
      "version": "1.0.0",
      "license": "ISC",
      "dependencies": {
        "console-table-printer": "^2.12.1",
        "one-liner-joke": "^1.2.2"
      }
    },
    "node_modules/console-table-printer": {
      "version": "2.12.1",
      "resolved": "https://registry.npmjs.org/console-table-printer/-/console-table-printer-2.12.1.tgz",
      "integrity": "sha512-wKGOQRRvdnd89pCeH96e2Fn4wkbenSP6LMHfjfyNLMbGuHEFbMqQNuxXqd0oXG9caIOQ1FTvc5Uijp9/4jujnQ==",
      "dependencies": {
        "simple-wcswidth": "^1.0.1"
      }
    },
    "node_modules/one-liner-joke": {
      "version": "1.2.2",
      "resolved": "https://registry.npmjs.org/one-liner-joke/-/one-liner-joke-1.2.2.tgz",
      "integrity": "sha512-ELNnmMtLPmp3b85J0FGm7i4Q5vfqPNefj6r5oMsk9OgrC3iaccIyn8FInVSsG3nGud4XIDqUKesLcGRCxoU2Zw==",
      "engines": {
        "node": ">=6.0.0"
      }
    },
    "node_modules/simple-wcswidth": {
      "version": "1.0.1",
      "resolved": "https://registry.npmjs.org/simple-wcswidth/-/simple-wcswidth-1.0.1.tgz",
      "integrity": "sha512-xMO/8eNREtaROt7tJvWJqHBDTMFN4eiQ5I4JRMuilwfnFcV5W9u7RUkueNkdw0jPqGMX36iCywelS5yilTuOxg=="
    }
  }
}
